// !$*UTF8*$!
{
	archiveVersion = 1;
	classes = {
	};
	objectVersion = 50;
	objects = {

/* Begin PBXBuildFile section */
		73C14E07243C77D100968735 /* AppDelegate.m in Sources */ = {isa = PBXBuildFile; fileRef = 73C14E06243C77D100968735 /* AppDelegate.m */; };
		73C14E0A243C77D100968735 /* SceneDelegate.m in Sources */ = {isa = PBXBuildFile; fileRef = 73C14E09243C77D100968735 /* SceneDelegate.m */; };
		73C14E0D243C77D100968735 /* ViewController.m in Sources */ = {isa = PBXBuildFile; fileRef = 73C14E0C243C77D100968735 /* ViewController.m */; };
		73C14E10243C77D100968735 /* Main.storyboard in Resources */ = {isa = PBXBuildFile; fileRef = 73C14E0E243C77D100968735 /* Main.storyboard */; };
		73C14E12243C77D500968735 /* Assets.xcassets in Resources */ = {isa = PBXBuildFile; fileRef = 73C14E11243C77D500968735 /* Assets.xcassets */; };
		73C14E15243C77D500968735 /* LaunchScreen.storyboard in Resources */ = {isa = PBXBuildFile; fileRef = 73C14E13243C77D500968735 /* LaunchScreen.storyboard */; };
		73C14E18243C77D500968735 /* main.m in Sources */ = {isa = PBXBuildFile; fileRef = 73C14E17243C77D500968735 /* main.m */; };
		73C14E22243C77D600968735 /* LearnOpenGLESTests.m in Sources */ = {isa = PBXBuildFile; fileRef = 73C14E21243C77D600968735 /* LearnOpenGLESTests.m */; };
		73C14E2D243C77D600968735 /* LearnOpenGLESUITests.m in Sources */ = {isa = PBXBuildFile; fileRef = 73C14E2C243C77D600968735 /* LearnOpenGLESUITests.m */; };
		73C14E43243C866600968735 /* PJLinkHelper.m in Sources */ = {isa = PBXBuildFile; fileRef = 73C14E42243C866600968735 /* PJLinkHelper.m */; };
		73C14E48243C8B6D00968735 /* 木箱.png in Resources */ = {isa = PBXBuildFile; fileRef = 73C14E47243C8B6D00968735 /* 木箱.png */; };
		73C14E4B243C98C700968735 /* boxVertext.glsl in Resources */ = {isa = PBXBuildFile; fileRef = 73C14E49243C8BE000968735 /* boxVertext.glsl */; };
		73C14E4C243C98CA00968735 /* boxFragment.glsl in Resources */ = {isa = PBXBuildFile; fileRef = 73C14E4A243C8BFE00968735 /* boxFragment.glsl */; };
/* End PBXBuildFile section */

/* Begin PBXContainerItemProxy section */
		73C14E1E243C77D500968735 /* PBXContainerItemProxy */ = {
			isa = PBXContainerItemProxy;
			containerPortal = 73C14DFA243C77D100968735 /* Project object */;
			proxyType = 1;
			remoteGlobalIDString = 73C14E01243C77D100968735;
			remoteInfo = LearnOpenGLES;
		};
		73C14E29243C77D600968735 /* PBXContainerItemProxy */ = {
			isa = PBXContainerItemProxy;
			containerPortal = 73C14DFA243C77D100968735 /* Project object */;
			proxyType = 1;
			remoteGlobalIDString = 73C14E01243C77D100968735;
			remoteInfo = LearnOpenGLES;
		};
/* End PBXContainerItemProxy section */

/* Begin PBXFileReference section */
		73C14E02243C77D100968735 /* LearnOpenGLES.app */ = {isa = PBXFileReference; explicitFileType = wrapper.application; includeInIndex = 0; path = LearnOpenGLES.app; sourceTree = BUILT_PRODUCTS_DIR; };
		73C14E05243C77D100968735 /* AppDelegate.h */ = {isa = PBXFileReference; lastKnownFileType = sourcecode.c.h; path = AppDelegate.h; sourceTree = "<group>"; };
		73C14E06243C77D100968735 /* AppDelegate.m */ = {isa = PBXFileReference; lastKnownFileType = sourcecode.c.objc; path = AppDelegate.m; sourceTree = "<group>"; };
		73C14E08243C77D100968735 /* SceneDelegate.h */ = {isa = PBXFileReference; lastKnownFileType = sourcecode.c.h; path = SceneDelegate.h; sourceTree = "<group>"; };
		73C14E09243C77D100968735 /* SceneDelegate.m */ = {isa = PBXFileReference; lastKnownFileType = sourcecode.c.objc; path = SceneDelegate.m; sourceTree = "<group>"; };
		73C14E0B243C77D100968735 /* ViewController.h */ = {isa = PBXFileReference; lastKnownFileType = sourcecode.c.h; path = ViewController.h; sourceTree = "<group>"; };
		73C14E0C243C77D100968735 /* ViewController.m */ = {isa = PBXFileReference; lastKnownFileType = sourcecode.c.objc; path = ViewController.m; sourceTree = "<group>"; };
		73C14E0F243C77D100968735 /* Base */ = {isa = PBXFileReference; lastKnownFileType = file.storyboard; name = Base; path = Base.lproj/Main.storyboard; sourceTree = "<group>"; };
		73C14E11243C77D500968735 /* Assets.xcassets */ = {isa = PBXFileReference; lastKnownFileType = folder.assetcatalog; path = Assets.xcassets; sourceTree = "<group>"; };
		73C14E14243C77D500968735 /* Base */ = {isa = PBXFileReference; lastKnownFileType = file.storyboard; name = Base; path = Base.lproj/LaunchScreen.storyboard; sourceTree = "<group>"; };
		73C14E16243C77D500968735 /* Info.plist */ = {isa = PBXFileReference; lastKnownFileType = text.plist.xml; path = Info.plist; sourceTree = "<group>"; };
		73C14E17243C77D500968735 /* main.m */ = {isa = PBXFileReference; lastKnownFileType = sourcecode.c.objc; path = main.m; sourceTree = "<group>"; };
		73C14E1D243C77D500968735 /* LearnOpenGLESTests.xctest */ = {isa = PBXFileReference; explicitFileType = wrapper.cfbundle; includeInIndex = 0; path = LearnOpenGLESTests.xctest; sourceTree = BUILT_PRODUCTS_DIR; };
		73C14E21243C77D600968735 /* LearnOpenGLESTests.m */ = {isa = PBXFileReference; lastKnownFileType = sourcecode.c.objc; path = LearnOpenGLESTests.m; sourceTree = "<group>"; };
		73C14E23243C77D600968735 /* Info.plist */ = {isa = PBXFileReference; lastKnownFileType = text.plist.xml; path = Info.plist; sourceTree = "<group>"; };
		73C14E28243C77D600968735 /* LearnOpenGLESUITests.xctest */ = {isa = PBXFileReference; explicitFileType = wrapper.cfbundle; includeInIndex = 0; path = LearnOpenGLESUITests.xctest; sourceTree = BUILT_PRODUCTS_DIR; };
		73C14E2C243C77D600968735 /* LearnOpenGLESUITests.m */ = {isa = PBXFileReference; lastKnownFileType = sourcecode.c.objc; path = LearnOpenGLESUITests.m; sourceTree = "<group>"; };
		73C14E2E243C77D600968735 /* Info.plist */ = {isa = PBXFileReference; lastKnownFileType = text.plist.xml; path = Info.plist; sourceTree = "<group>"; };
		73C14E41243C866600968735 /* PJLinkHelper.h */ = {isa = PBXFileReference; lastKnownFileType = sourcecode.c.h; path = PJLinkHelper.h; sourceTree = "<group>"; };
		73C14E42243C866600968735 /* PJLinkHelper.m */ = {isa = PBXFileReference; lastKnownFileType = sourcecode.c.objc; path = PJLinkHelper.m; sourceTree = "<group>"; };
		73C14E47243C8B6D00968735 /* 木箱.png */ = {isa = PBXFileReference; lastKnownFileType = image.png; path = "木箱.png"; sourceTree = "<group>"; };
		73C14E49243C8BE000968735 /* boxVertext.glsl */ = {isa = PBXFileReference; lastKnownFileType = text; path = boxVertext.glsl; sourceTree = "<group>"; };
		73C14E4A243C8BFE00968735 /* boxFragment.glsl */ = {isa = PBXFileReference; lastKnownFileType = text; path = boxFragment.glsl; sourceTree = "<group>"; };
/* End PBXFileReference section */

/* Begin PBXFrameworksBuildPhase section */
		73C14DFF243C77D100968735 /* Frameworks */ = {
			isa = PBXFrameworksBuildPhase;
			buildActionMask = 2147483647;
			files = (
			);
			runOnlyForDeploymentPostprocessing = 0;
		};
		73C14E1A243C77D500968735 /* Frameworks */ = {
			isa = PBXFrameworksBuildPhase;
			buildActionMask = 2147483647;
			files = (
			);
			runOnlyForDeploymentPostprocessing = 0;
		};
		73C14E25243C77D600968735 /* Frameworks */ = {
			isa = PBXFrameworksBuildPhase;
			buildActionMask = 2147483647;
			files = (
			);
			runOnlyForDeploymentPostprocessing = 0;
		};
/* End PBXFrameworksBuildPhase section */

/* Begin PBXGroup section */
		73C14DF9243C77D100968735 = {
			isa = PBXGroup;
			children = (
				73C14E04243C77D100968735 /* LearnOpenGLES */,
				73C14E20243C77D600968735 /* LearnOpenGLESTests */,
				73C14E2B243C77D600968735 /* LearnOpenGLESUITests */,
				73C14E03243C77D100968735 /* Products */,
			);
			sourceTree = "<group>";
		};
		73C14E03243C77D100968735 /* Products */ = {
			isa = PBXGroup;
			children = (
				73C14E02243C77D100968735 /* LearnOpenGLES.app */,
				73C14E1D243C77D500968735 /* LearnOpenGLESTests.xctest */,
				73C14E28243C77D600968735 /* LearnOpenGLESUITests.xctest */,
			);
			name = Products;
			sourceTree = "<group>";
		};
		73C14E04243C77D100968735 /* LearnOpenGLES */ = {
			isa = PBXGroup;
			children = (
				73C14E44243C8B5000968735 /* Resource */,
				73C14E3A243C7A7400968735 /* Util */,
				73C14E05243C77D100968735 /* AppDelegate.h */,
				73C14E06243C77D100968735 /* AppDelegate.m */,
				73C14E08243C77D100968735 /* SceneDelegate.h */,
				73C14E09243C77D100968735 /* SceneDelegate.m */,
				73C14E0B243C77D100968735 /* ViewController.h */,
				73C14E0C243C77D100968735 /* ViewController.m */,
				73C14E49243C8BE000968735 /* boxVertext.glsl */,
				73C14E4A243C8BFE00968735 /* boxFragment.glsl */,
				73C14E0E243C77D100968735 /* Main.storyboard */,
				73C14E11243C77D500968735 /* Assets.xcassets */,
				73C14E13243C77D500968735 /* LaunchScreen.storyboard */,
				73C14E16243C77D500968735 /* Info.plist */,
				73C14E17243C77D500968735 /* main.m */,
			);
			path = LearnOpenGLES;
			sourceTree = "<group>";
		};
		73C14E20243C77D600968735 /* LearnOpenGLESTests */ = {
			isa = PBXGroup;
			children = (
				73C14E21243C77D600968735 /* LearnOpenGLESTests.m */,
				73C14E23243C77D600968735 /* Info.plist */,
			);
			path = LearnOpenGLESTests;
			sourceTree = "<group>";
		};
		73C14E2B243C77D600968735 /* LearnOpenGLESUITests */ = {
			isa = PBXGroup;
			children = (
				73C14E2C243C77D600968735 /* LearnOpenGLESUITests.m */,
				73C14E2E243C77D600968735 /* Info.plist */,
			);
			path = LearnOpenGLESUITests;
			sourceTree = "<group>";
		};
		73C14E3A243C7A7400968735 /* Util */ = {
			isa = PBXGroup;
			children = (
				73C14E41243C866600968735 /* PJLinkHelper.h */,
				73C14E42243C866600968735 /* PJLinkHelper.m */,
			);
			path = Util;
			sourceTree = "<group>";
		};
		73C14E44243C8B5000968735 /* Resource */ = {
			isa = PBXGroup;
			children = (
				73C14E47243C8B6D00968735 /* 木箱.png */,
			);
			path = Resource;
			sourceTree = "<group>";
		};
/* End PBXGroup section */

/* Begin PBXNativeTarget section */
		73C14E01243C77D100968735 /* LearnOpenGLES */ = {
			isa = PBXNativeTarget;
			buildConfigurationList = 73C14E31243C77D600968735 /* Build configuration list for PBXNativeTarget "LearnOpenGLES" */;
			buildPhases = (
				73C14DFE243C77D100968735 /* Sources */,
				73C14DFF243C77D100968735 /* Frameworks */,
				73C14E00243C77D100968735 /* Resources */,
			);
			buildRules = (
			);
			dependencies = (
			);
			name = LearnOpenGLES;
			productName = LearnOpenGLES;
			productReference = 73C14E02243C77D100968735 /* LearnOpenGLES.app */;
			productType = "com.apple.product-type.application";
		};
		73C14E1C243C77D500968735 /* LearnOpenGLESTests */ = {
			isa = PBXNativeTarget;
			buildConfigurationList = 73C14E34243C77D600968735 /* Build configuration list for PBXNativeTarget "LearnOpenGLESTests" */;
			buildPhases = (
				73C14E19243C77D500968735 /* Sources */,
				73C14E1A243C77D500968735 /* Frameworks */,
				73C14E1B243C77D500968735 /* Resources */,
			);
			buildRules = (
			);
			dependencies = (
				73C14E1F243C77D500968735 /* PBXTargetDependency */,
			);
			name = LearnOpenGLESTests;
			productName = LearnOpenGLESTests;
			productReference = 73C14E1D243C77D500968735 /* LearnOpenGLESTests.xctest */;
			productType = "com.apple.product-type.bundle.unit-test";
		};
		73C14E27243C77D600968735 /* LearnOpenGLESUITests */ = {
			isa = PBXNativeTarget;
			buildConfigurationList = 73C14E37243C77D600968735 /* Build configuration list for PBXNativeTarget "LearnOpenGLESUITests" */;
			buildPhases = (
				73C14E24243C77D600968735 /* Sources */,
				73C14E25243C77D600968735 /* Frameworks */,
				73C14E26243C77D600968735 /* Resources */,
			);
			buildRules = (
			);
			dependencies = (
				73C14E2A243C77D600968735 /* PBXTargetDependency */,
			);
			name = LearnOpenGLESUITests;
			productName = LearnOpenGLESUITests;
			productReference = 73C14E28243C77D600968735 /* LearnOpenGLESUITests.xctest */;
			productType = "com.apple.product-type.bundle.ui-testing";
		};
/* End PBXNativeTarget section */

/* Begin PBXProject section */
		73C14DFA243C77D100968735 /* Project object */ = {
			isa = PBXProject;
			attributes = {
				LastUpgradeCheck = 1140;
				ORGANIZATIONNAME = "潘伟建";
				TargetAttributes = {
					73C14E01243C77D100968735 = {
						CreatedOnToolsVersion = 11.4;
					};
					73C14E1C243C77D500968735 = {
						CreatedOnToolsVersion = 11.4;
						TestTargetID = 73C14E01243C77D100968735;
					};
					73C14E27243C77D600968735 = {
						CreatedOnToolsVersion = 11.4;
						TestTargetID = 73C14E01243C77D100968735;
					};
				};
			};
			buildConfigurationList = 73C14DFD243C77D100968735 /* Build configuration list for PBXProject "LearnOpenGLES" */;
			compatibilityVersion = "Xcode 9.3";
			developmentRegion = en;
			hasScannedForEncodings = 0;
			knownRegions = (
				en,
				Base,
			);
			mainGroup = 73C14DF9243C77D100968735;
			productRefGroup = 73C14E03243C77D100968735 /* Products */;
			projectDirPath = "";
			projectRoot = "";
			targets = (
				73C14E01243C77D100968735 /* LearnOpenGLES */,
				73C14E1C243C77D500968735 /* LearnOpenGLESTests */,
				73C14E27243C77D600968735 /* LearnOpenGLESUITests */,
			);
		};
/* End PBXProject section */

/* Begin PBXResourcesBuildPhase section */
		73C14E00243C77D100968735 /* Resources */ = {
			isa = PBXResourcesBuildPhase;
			buildActionMask = 2147483647;
			files = (
				73C14E15243C77D500968735 /* LaunchScreen.storyboard in Resources */,
				73C14E4C243C98CA00968735 /* boxFragment.glsl in Resources */,
				73C14E12243C77D500968735 /* Assets.xcassets in Resources */,
				73C14E4B243C98C700968735 /* boxVertext.glsl in Resources */,
				73C14E48243C8B6D00968735 /* 木箱.png in Resources */,
				73C14E10243C77D100968735 /* Main.storyboard in Resources */,
			);
			runOnlyForDeploymentPostprocessing = 0;
		};
		73C14E1B243C77D500968735 /* Resources */ = {
			isa = PBXResourcesBuildPhase;
			buildActionMask = 2147483647;
			files = (
			);
			runOnlyForDeploymentPostprocessing = 0;
		};
		73C14E26243C77D600968735 /* Resources */ = {
			isa = PBXResourcesBuildPhase;
			buildActionMask = 2147483647;
			files = (
			);
			runOnlyForDeploymentPostprocessing = 0;
		};
/* End PBXResourcesBuildPhase section */

/* Begin PBXSourcesBuildPhase section */
		73C14DFE243C77D100968735 /* Sources */ = {
			isa = PBXSourcesBuildPhase;
			buildActionMask = 2147483647;
			files = (
				73C14E0D243C77D100968735 /* ViewController.m in Sources */,
				73C14E07243C77D100968735 /* AppDelegate.m in Sources */,
				73C14E18243C77D500968735 /* main.m in Sources */,
				73C14E43243C866600968735 /* PJLinkHelper.m in Sources */,
				73C14E0A243C77D100968735 /* SceneDelegate.m in Sources */,
			);
			runOnlyForDeploymentPostprocessing = 0;
		};
		73C14E19243C77D500968735 /* Sources */ = {
			isa = PBXSourcesBuildPhase;
			buildActionMask = 2147483647;
			files = (
				73C14E22243C77D600968735 /* LearnOpenGLESTests.m in Sources */,
			);
			runOnlyForDeploymentPostprocessing = 0;
		};
		73C14E24243C77D600968735 /* Sources */ = {
			isa = PBXSourcesBuildPhase;
			buildActionMask = 2147483647;
			files = (
				73C14E2D243C77D600968735 /* LearnOpenGLESUITests.m in Sources */,
			);
			runOnlyForDeploymentPostprocessing = 0;
		};
/* End PBXSourcesBuildPhase section */

/* Begin PBXTargetDependency section */
		73C14E1F243C77D500968735 /* PBXTargetDependency */ = {
			isa = PBXTargetDependency;
			target = 73C14E01243C77D100968735 /* LearnOpenGLES */;
			targetProxy = 73C14E1E243C77D500968735 /* PBXContainerItemProxy */;
		};
		73C14E2A243C77D600968735 /* PBXTargetDependency */ = {
			isa = PBXTargetDependency;
			target = 73C14E01243C77D100968735 /* LearnOpenGLES */;
			targetProxy = 73C14E29243C77D600968735 /* PBXContainerItemProxy */;
		};
/* End PBXTargetDependency section */

/* Begin PBXVariantGroup section */
		73C14E0E243C77D100968735 /* Main.storyboard */ = {
			isa = PBXVariantGroup;
			children = (
				73C14E0F243C77D100968735 /* Base */,
			);
			name = Main.storyboard;
			sourceTree = "<group>";
		};
		73C14E13243C77D500968735 /* LaunchScreen.storyboard */ = {
			isa = PBXVariantGroup;
			children = (
				73C14E14243C77D500968735 /* Base */,
			);
			name = LaunchScreen.storyboard;
			sourceTree = "<group>";
		};
/* End PBXVariantGroup section */

/* Begin XCBuildConfiguration section */
		73C14E2F243C77D600968735 /* Debug */ = {
			isa = XCBuildConfiguration;
			buildSettings = {
				ALWAYS_SEARCH_USER_PATHS = NO;
				CLANG_ANALYZER_NONNULL = YES;
				CLANG_ANALYZER_NUMBER_OBJECT_CONVERSION = YES_AGGRESSIVE;
				CLANG_CXX_LANGUAGE_STANDARD = "gnu++14";
				CLANG_CXX_LIBRARY = "libc++";
				CLANG_ENABLE_MODULES = YES;
				CLANG_ENABLE_OBJC_ARC = YES;
				CLANG_ENABLE_OBJC_WEAK = YES;
				CLANG_WARN_BLOCK_CAPTURE_AUTORELEASING = YES;
				CLANG_WARN_BOOL_CONVERSION = YES;
				CLANG_WARN_COMMA = YES;
				CLANG_WARN_CONSTANT_CONVERSION = YES;
				CLANG_WARN_DEPRECATED_OBJC_IMPLEMENTATIONS = YES;
				CLANG_WARN_DIRECT_OBJC_ISA_USAGE = YES_ERROR;
				CLANG_WARN_DOCUMENTATION_COMMENTS = YES;
				CLANG_WARN_EMPTY_BODY = YES;
				CLANG_WARN_ENUM_CONVERSION = YES;
				CLANG_WARN_INFINITE_RECURSION = YES;
				CLANG_WARN_INT_CONVERSION = YES;
				CLANG_WARN_NON_LITERAL_NULL_CONVERSION = YES;
				CLANG_WARN_OBJC_IMPLICIT_RETAIN_SELF = YES;
				CLANG_WARN_OBJC_LITERAL_CONVERSION = YES;
				CLANG_WARN_OBJC_ROOT_CLASS = YES_ERROR;
				CLANG_WARN_RANGE_LOOP_ANALYSIS = YES;
				CLANG_WARN_STRICT_PROTOTYPES = YES;
				CLANG_WARN_SUSPICIOUS_MOVE = YES;
				CLANG_WARN_UNGUARDED_AVAILABILITY = YES_AGGRESSIVE;
				CLANG_WARN_UNREACHABLE_CODE = YES;
				CLANG_WARN__DUPLICATE_METHOD_MATCH = YES;
				COPY_PHASE_STRIP = NO;
				DEBUG_INFORMATION_FORMAT = dwarf;
				ENABLE_STRICT_OBJC_MSGSEND = YES;
				ENABLE_TESTABILITY = YES;
				GCC_C_LANGUAGE_STANDARD = gnu11;
				GCC_DYNAMIC_NO_PIC = NO;
				GCC_NO_COMMON_BLOCKS = YES;
				GCC_OPTIMIZATION_LEVEL = 0;
				GCC_PREPROCESSOR_DEFINITIONS = (
					"DEBUG=1",
					"$(inherited)",
				);
				GCC_WARN_64_TO_32_BIT_CONVERSION = YES;
				GCC_WARN_ABOUT_RETURN_TYPE = YES_ERROR;
				GCC_WARN_UNDECLARED_SELECTOR = YES;
				GCC_WARN_UNINITIALIZED_AUTOS = YES_AGGRESSIVE;
				GCC_WARN_UNUSED_FUNCTION = YES;
				GCC_WARN_UNUSED_VARIABLE = YES;
				IPHONEOS_DEPLOYMENT_TARGET = 13.4;
				MTL_ENABLE_DEBUG_INFO = INCLUDE_SOURCE;
				MTL_FAST_MATH = YES;
				ONLY_ACTIVE_ARCH = YES;
				SDKROOT = iphoneos;
			};
			name = Debug;
		};
		73C14E30243C77D600968735 /* Release */ = {
			isa = XCBuildConfiguration;
			buildSettings = {
				ALWAYS_SEARCH_USER_PATHS = NO;
				CLANG_ANALYZER_NONNULL = YES;
				CLANG_ANALYZER_NUMBER_OBJECT_CONVERSION = YES_AGGRESSIVE;
				CLANG_CXX_LANGUAGE_STANDARD = "gnu++14";
				CLANG_CXX_LIBRARY = "libc++";
				CLANG_ENABLE_MODULES = YES;
				CLANG_ENABLE_OBJC_ARC = YES;
				CLANG_ENABLE_OBJC_WEAK = YES;
				CLANG_WARN_BLOCK_CAPTURE_AUTORELEASING = YES;
				CLANG_WARN_BOOL_CONVERSION = YES;
				CLANG_WARN_COMMA = YES;
				CLANG_WARN_CONSTANT_CONVERSION = YES;
				CLANG_WARN_DEPRECATED_OBJC_IMPLEMENTATIONS = YES;
				CLANG_WARN_DIRECT_OBJC_ISA_USAGE = YES_ERROR;
				CLANG_WARN_DOCUMENTATION_COMMENTS = YES;
				CLANG_WARN_EMPTY_BODY = YES;
				CLANG_WARN_ENUM_CONVERSION = YES;
				CLANG_WARN_INFINITE_RECURSION = YES;
				CLANG_WARN_INT_CONVERSION = YES;
				CLANG_WARN_NON_LITERAL_NULL_CONVERSION = YES;
				CLANG_WARN_OBJC_IMPLICIT_RETAIN_SELF = YES;
				CLANG_WARN_OBJC_LITERAL_CONVERSION = YES;
				CLANG_WARN_OBJC_ROOT_CLASS = YES_ERROR;
				CLANG_WARN_RANGE_LOOP_ANALYSIS = YES;
				CLANG_WARN_STRICT_PROTOTYPES = YES;
				CLANG_WARN_SUSPICIOUS_MOVE = YES;
				CLANG_WARN_UNGUARDED_AVAILABILITY = YES_AGGRESSIVE;
				CLANG_WARN_UNREACHABLE_CODE = YES;
				CLANG_WARN__DUPLICATE_METHOD_MATCH = YES;
				COPY_PHASE_STRIP = NO;
				DEBUG_INFORMATION_FORMAT = "dwarf-with-dsym";
				ENABLE_NS_ASSERTIONS = NO;
				ENABLE_STRICT_OBJC_MSGSEND = YES;
				GCC_C_LANGUAGE_STANDARD = gnu11;
				GCC_NO_COMMON_BLOCKS = YES;
				GCC_WARN_64_TO_32_BIT_CONVERSION = YES;
				GCC_WARN_ABOUT_RETURN_TYPE = YES_ERROR;
				GCC_WARN_UNDECLARED_SELECTOR = YES;
				GCC_WARN_UNINITIALIZED_AUTOS = YES_AGGRESSIVE;
				GCC_WARN_UNUSED_FUNCTION = YES;
				GCC_WARN_UNUSED_VARIABLE = YES;
				IPHONEOS_DEPLOYMENT_TARGET = 13.4;
				MTL_ENABLE_DEBUG_INFO = NO;
				MTL_FAST_MATH = YES;
				SDKROOT = iphoneos;
				VALIDATE_PRODUCT = YES;
			};
			name = Release;
		};
		73C14E32243C77D600968735 /* Debug */ = {
			isa = XCBuildConfiguration;
			buildSettings = {
				ASSETCATALOG_COMPILER_APPICON_NAME = AppIcon;
				CODE_SIGN_STYLE = Automatic;
				INFOPLIST_FILE = LearnOpenGLES/Info.plist;
				IPHONEOS_DEPLOYMENT_TARGET = 11.0;
				LD_RUNPATH_SEARCH_PATHS = (
					"$(inherited)",
					"@executable_path/Frameworks",
				);
				PRODUCT_BUNDLE_IDENTIFIER = com.pwj.LearnOpenGLES;
				PRODUCT_NAME = "$(TARGET_NAME)";
				TARGETED_DEVICE_FAMILY = "1,2";
			};
			name = Debug;
		};
		73C14E33243C77D600968735 /* Release */ = {
			isa = XCBuildConfiguration;
			buildSettings = {
				ASSETCATALOG_COMPILER_APPICON_NAME = AppIcon;
				CODE_SIGN_STYLE = Automatic;
				INFOPLIST_FILE = LearnOpenGLES/Info.plist;
				IPHONEOS_DEPLOYMENT_TARGET = 11.0;
				LD_RUNPATH_SEARCH_PATHS = (
					"$(inherited)",
					"@executable_path/Frameworks",
				);
				PRODUCT_BUNDLE_IDENTIFIER = com.pwj.LearnOpenGLES;
				PRODUCT_NAME = "$(TARGET_NAME)";
				TARGETED_DEVICE_FAMILY = "1,2";
			};
			name = Release;
		};
		73C14E35243C77D600968735 /* Debug */ = {
			isa = XCBuildConfiguration;
			buildSettings = {
				BUNDLE_LOADER = "$(TEST_HOST)";
				CODE_SIGN_STYLE = Automatic;
				INFOPLIST_FILE = LearnOpenGLESTests/Info.plist;
				IPHONEOS_DEPLOYMENT_TARGET = 13.4;
				LD_RUNPATH_SEARCH_PATHS = (
					"$(inherited)",
					"@executable_path/Frameworks",
					"@loader_path/Frameworks",
				);
				PRODUCT_BUNDLE_IDENTIFIER = com.pwj.LearnOpenGLESTests;
				PRODUCT_NAME = "$(TARGET_NAME)";
				TARGETED_DEVICE_FAMILY = "1,2";
				TEST_HOST = "$(BUILT_PRODUCTS_DIR)/LearnOpenGLES.app/LearnOpenGLES";
			};
			name = Debug;
		};
		73C14E36243C77D600968735 /* Release */ = {
			isa = XCBuildConfiguration;
			buildSettings = {
				BUNDLE_LOADER = "$(TEST_HOST)";
				CODE_SIGN_STYLE = Automatic;
				INFOPLIST_FILE = LearnOpenGLESTests/Info.plist;
				IPHONEOS_DEPLOYMENT_TARGET = 13.4;
				LD_RUNPATH_SEARCH_PATHS = (
					"$(inherited)",
					"@executable_path/Frameworks",
					"@loader_path/Frameworks",
				);
				PRODUCT_BUNDLE_IDENTIFIER = com.pwj.LearnOpenGLESTests;
				PRODUCT_NAME = "$(TARGET_NAME)";
				TARGETED_DEVICE_FAMILY = "1,2";
				TEST_HOST = "$(BUILT_PRODUCTS_DIR)/LearnOpenGLES.app/LearnOpenGLES";
			};
			name = Release;
		};
		73C14E38243C77D600968735 /* Debug */ = {
			isa = XCBuildConfiguration;
			buildSettings = {
				CODE_SIGN_STYLE = Automatic;
				INFOPLIST_FILE = LearnOpenGLESUITests/Info.plist;
				LD_RUNPATH_SEARCH_PATHS = (
					"$(inherited)",
					"@executable_path/Frameworks",
					"@loader_path/Frameworks",
				);
				PRODUCT_BUNDLE_IDENTIFIER = com.pwj.LearnOpenGLESUITests;
				PRODUCT_NAME = "$(TARGET_NAME)";
				TARGETED_DEVICE_FAMILY = "1,2";
				TEST_TARGET_NAME = LearnOpenGLES;
			};
			name = Debug;
		};
		73C14E39243C77D600968735 /* Release */ = {
			isa = XCBuildConfiguration;
			buildSettings = {
				CODE_SIGN_STYLE = Automatic;
				INFOPLIST_FILE = LearnOpenGLESUITests/Info.plist;
				LD_RUNPATH_SEARCH_PATHS = (
					"$(inherited)",
					"@executable_path/Frameworks",
					"@loader_path/Frameworks",
				);
				PRODUCT_BUNDLE_IDENTIFIER = com.pwj.LearnOpenGLESUITests;
				PRODUCT_NAME = "$(TARGET_NAME)";
				TARGETED_DEVICE_FAMILY = "1,2";
				TEST_TARGET_NAME = LearnOpenGLES;
			};
			name = Release;
		};
/* End XCBuildConfiguration section */

/* Begin XCConfigurationList section */
		73C14DFD243C77D100968735 /* Build configuration list for PBXProject "LearnOpenGLES" */ = {
			isa = XCConfigurationList;
			buildConfigurations = (
				73C14E2F243C77D600968735 /* Debug */,
				73C14E30243C77D600968735 /* Release */,
			);
			defaultConfigurationIsVisible = 0;
			defaultConfigurationName = Release;
		};
		73C14E31243C77D600968735 /* Build configuration list for PBXNativeTarget "LearnOpenGLES" */ = {
			isa = XCConfigurationList;
			buildConfigurations = (
				73C14E32243C77D600968735 /* Debug */,
				73C14E33243C77D600968735 /* Release */,
			);
			defaultConfigurationIsVisible = 0;
			defaultConfigurationName = Release;
		};
		73C14E34243C77D600968735 /* Build configuration list for PBXNativeTarget "LearnOpenGLESTests" */ = {
			isa = XCConfigurationList;
			buildConfigurations = (
				73C14E35243C77D600968735 /* Debug */,
				73C14E36243C77D600968735 /* Release */,
			);
			defaultConfigurationIsVisible = 0;
			defaultConfigurationName = Release;
		};
		73C14E37243C77D600968735 /* Build configuration list for PBXNativeTarget "LearnOpenGLESUITests" */ = {
			isa = XCConfigurationList;
			buildConfigurations = (
				73C14E38243C77D600968735 /* Debug */,
				73C14E39243C77D600968735 /* Release */,
			);
			defaultConfigurationIsVisible = 0;
			defaultConfigurationName = Release;
		};
/* End XCConfigurationList section */
	};
	rootObject = 73C14DFA243C77D100968735 /* Project object */;
}
